// !$*UTF8*$!
{
	archiveVersion = 1;
	classes = {
	};
	objectVersion = 56;
	objects = {

/* Begin PBXBuildFile section */
		2705E5F2298A84A20073479F /* MapView.swift in Sources */ = {isa = PBXBuildFile; fileRef = 2705E5F1298A84A20073479F /* MapView.swift */; };
		2705E5F4298A85970073479F /* MapViewModel.swift in Sources */ = {isa = PBXBuildFile; fileRef = 2705E5F3298A85970073479F /* MapViewModel.swift */; };
		270D28AC298CDDCD0030A102 /* HomeViewController.swift in Sources */ = {isa = PBXBuildFile; fileRef = 270D28AB298CDDCD0030A102 /* HomeViewController.swift */; };
		2732EEFE29885FAA00F8C6B2 /* TabBarController.swift in Sources */ = {isa = PBXBuildFile; fileRef = 2732EEFD29885FAA00F8C6B2 /* TabBarController.swift */; };
		274B7C5E2984332100DCFF44 /* AppDelegate.swift in Sources */ = {isa = PBXBuildFile; fileRef = 274B7C5D2984332100DCFF44 /* AppDelegate.swift */; };
		274B7C602984332100DCFF44 /* SceneDelegate.swift in Sources */ = {isa = PBXBuildFile; fileRef = 274B7C5F2984332100DCFF44 /* SceneDelegate.swift */; };
		274B7C622984332100DCFF44 /* ViewController.swift in Sources */ = {isa = PBXBuildFile; fileRef = 274B7C612984332100DCFF44 /* ViewController.swift */; };
		274B7C652984332100DCFF44 /* Main.storyboard in Resources */ = {isa = PBXBuildFile; fileRef = 274B7C632984332100DCFF44 /* Main.storyboard */; };
		274B7C672984332100DCFF44 /* Assets.xcassets in Resources */ = {isa = PBXBuildFile; fileRef = 274B7C662984332100DCFF44 /* Assets.xcassets */; };
		274B7C6A2984332100DCFF44 /* LaunchScreen.storyboard in Resources */ = {isa = PBXBuildFile; fileRef = 274B7C682984332100DCFF44 /* LaunchScreen.storyboard */; };
		274B7C722984389100DCFF44 /* CalendarCell.swift in Sources */ = {isa = PBXBuildFile; fileRef = 274B7C712984389100DCFF44 /* CalendarCell.swift */; };
		276F704929855600001DD0CC /* AddEvent.swift in Sources */ = {isa = PBXBuildFile; fileRef = 276F704829855600001DD0CC /* AddEvent.swift */; };
		27868513298B0E6000F23E29 /* SearchViewController.swift in Sources */ = {isa = PBXBuildFile; fileRef = 27868512298B0E6000F23E29 /* SearchViewController.swift */; };
		2791786529854083002E2034 /* WeeklyViewController.swift in Sources */ = {isa = PBXBuildFile; fileRef = 2791786429854083002E2034 /* WeeklyViewController.swift */; };
		27A02FA62985590D00DEC744 /* Event.swift in Sources */ = {isa = PBXBuildFile; fileRef = 27A02FA52985590D00DEC744 /* Event.swift */; };
		27B8AACF298B009F003FFF6D /* HomeController.swift in Sources */ = {isa = PBXBuildFile; fileRef = 27B8AACE298B009F003FFF6D /* HomeController.swift */; };
		27B8AAD7298B0702003FFF6D /* LocationManager.swift in Sources */ = {isa = PBXBuildFile; fileRef = 27B8AAD6298B0702003FFF6D /* LocationManager.swift */; };
		27E8BA4429844245005340E6 /* CalendarHelper.swift in Sources */ = {isa = PBXBuildFile; fileRef = 27E8BA4329844245005340E6 /* CalendarHelper.swift */; };
		27F652C6298C85F20046A1CB /* DailyCell.swift in Sources */ = {isa = PBXBuildFile; fileRef = 27F652C5298C85F20046A1CB /* DailyCell.swift */; };
		27F652C8298C86060046A1CB /* DailyViewController.swift in Sources */ = {isa = PBXBuildFile; fileRef = 27F652C7298C86060046A1CB /* DailyViewController.swift */; };
		27F652CA298C863D0046A1CB /* SettingsViewController.swift in Sources */ = {isa = PBXBuildFile; fileRef = 27F652C9298C863D0046A1CB /* SettingsViewController.swift */; };
		27FEEB442985B8BB008F860E /* EventCell.swift in Sources */ = {isa = PBXBuildFile; fileRef = 27FEEB432985B8BB008F860E /* EventCell.swift */; };
		E33DDF82C814F09949CB461D /* Pods_Calendar.framework in Frameworks */ = {isa = PBXBuildFile; fileRef = 27150F0C3DF8377BE4B49AE6 /* Pods_Calendar.framework */; };
/* End PBXBuildFile section */

/* Begin PBXFileReference section */
		0C0736C59AAC474FB0D65F14 /* Pods-Calendar.debug.xcconfig */ = {isa = PBXFileReference; includeInIndex = 1; lastKnownFileType = text.xcconfig; name = "Pods-Calendar.debug.xcconfig"; path = "Target Support Files/Pods-Calendar/Pods-Calendar.debug.xcconfig"; sourceTree = "<group>"; };
		2705E5F1298A84A20073479F /* MapView.swift */ = {isa = PBXFileReference; lastKnownFileType = sourcecode.swift; path = MapView.swift; sourceTree = "<group>"; };
		2705E5F3298A85970073479F /* MapViewModel.swift */ = {isa = PBXFileReference; lastKnownFileType = sourcecode.swift; path = MapViewModel.swift; sourceTree = "<group>"; };
		270D28AB298CDDCD0030A102 /* HomeViewController.swift */ = {isa = PBXFileReference; lastKnownFileType = sourcecode.swift; path = HomeViewController.swift; sourceTree = "<group>"; };
		27150F0C3DF8377BE4B49AE6 /* Pods_Calendar.framework */ = {isa = PBXFileReference; explicitFileType = wrapper.framework; includeInIndex = 0; path = Pods_Calendar.framework; sourceTree = BUILT_PRODUCTS_DIR; };
		2732EEFD29885FAA00F8C6B2 /* TabBarController.swift */ = {isa = PBXFileReference; lastKnownFileType = sourcecode.swift; path = TabBarController.swift; sourceTree = "<group>"; };
		274B7C5A2984332100DCFF44 /* Calendar.app */ = {isa = PBXFileReference; explicitFileType = wrapper.application; includeInIndex = 0; path = Calendar.app; sourceTree = BUILT_PRODUCTS_DIR; };
		274B7C5D2984332100DCFF44 /* AppDelegate.swift */ = {isa = PBXFileReference; lastKnownFileType = sourcecode.swift; path = AppDelegate.swift; sourceTree = "<group>"; };
		274B7C5F2984332100DCFF44 /* SceneDelegate.swift */ = {isa = PBXFileReference; lastKnownFileType = sourcecode.swift; path = SceneDelegate.swift; sourceTree = "<group>"; };
		274B7C612984332100DCFF44 /* ViewController.swift */ = {isa = PBXFileReference; lastKnownFileType = sourcecode.swift; path = ViewController.swift; sourceTree = "<group>"; };
		274B7C642984332100DCFF44 /* Base */ = {isa = PBXFileReference; lastKnownFileType = file.storyboard; name = Base; path = Base.lproj/Main.storyboard; sourceTree = "<group>"; };
		274B7C662984332100DCFF44 /* Assets.xcassets */ = {isa = PBXFileReference; lastKnownFileType = folder.assetcatalog; path = Assets.xcassets; sourceTree = "<group>"; };
		274B7C692984332100DCFF44 /* Base */ = {isa = PBXFileReference; lastKnownFileType = file.storyboard; name = Base; path = Base.lproj/LaunchScreen.storyboard; sourceTree = "<group>"; };
		274B7C6B2984332100DCFF44 /* Info.plist */ = {isa = PBXFileReference; lastKnownFileType = text.plist.xml; path = Info.plist; sourceTree = "<group>"; };
		274B7C712984389100DCFF44 /* CalendarCell.swift */ = {isa = PBXFileReference; lastKnownFileType = sourcecode.swift; path = CalendarCell.swift; sourceTree = "<group>"; };
		276F704829855600001DD0CC /* AddEvent.swift */ = {isa = PBXFileReference; lastKnownFileType = sourcecode.swift; path = AddEvent.swift; sourceTree = "<group>"; };
		27868512298B0E6000F23E29 /* SearchViewController.swift */ = {isa = PBXFileReference; lastKnownFileType = sourcecode.swift; path = SearchViewController.swift; sourceTree = "<group>"; };
		2791786429854083002E2034 /* WeeklyViewController.swift */ = {isa = PBXFileReference; lastKnownFileType = sourcecode.swift; path = WeeklyViewController.swift; sourceTree = "<group>"; };
		27A02FA52985590D00DEC744 /* Event.swift */ = {isa = PBXFileReference; lastKnownFileType = sourcecode.swift; path = Event.swift; sourceTree = "<group>"; };
		27B8AACE298B009F003FFF6D /* HomeController.swift */ = {isa = PBXFileReference; lastKnownFileType = sourcecode.swift; path = HomeController.swift; sourceTree = "<group>"; };
		27B8AAD6298B0702003FFF6D /* LocationManager.swift */ = {isa = PBXFileReference; lastKnownFileType = sourcecode.swift; path = LocationManager.swift; sourceTree = "<group>"; };
		27E8BA4329844245005340E6 /* CalendarHelper.swift */ = {isa = PBXFileReference; lastKnownFileType = sourcecode.swift; path = CalendarHelper.swift; sourceTree = "<group>"; };
		27F652C5298C85F20046A1CB /* DailyCell.swift */ = {isa = PBXFileReference; lastKnownFileType = sourcecode.swift; path = DailyCell.swift; sourceTree = "<group>"; };
		27F652C7298C86060046A1CB /* DailyViewController.swift */ = {isa = PBXFileReference; lastKnownFileType = sourcecode.swift; path = DailyViewController.swift; sourceTree = "<group>"; };
		27F652C9298C863D0046A1CB /* SettingsViewController.swift */ = {isa = PBXFileReference; fileEncoding = 4; lastKnownFileType = sourcecode.swift; path = SettingsViewController.swift; sourceTree = "<group>"; };
		27FEEB432985B8BB008F860E /* EventCell.swift */ = {isa = PBXFileReference; fileEncoding = 4; lastKnownFileType = sourcecode.swift; path = EventCell.swift; sourceTree = "<group>"; };
		FEE27F0B684C78943EC5E97B /* Pods-Calendar.release.xcconfig */ = {isa = PBXFileReference; includeInIndex = 1; lastKnownFileType = text.xcconfig; name = "Pods-Calendar.release.xcconfig"; path = "Target Support Files/Pods-Calendar/Pods-Calendar.release.xcconfig"; sourceTree = "<group>"; };
/* End PBXFileReference section */

/* Begin PBXFrameworksBuildPhase section */
		274B7C572984332100DCFF44 /* Frameworks */ = {
			isa = PBXFrameworksBuildPhase;
			buildActionMask = 2147483647;
			files = (
				E33DDF82C814F09949CB461D /* Pods_Calendar.framework in Frameworks */,
			);
			runOnlyForDeploymentPostprocessing = 0;
		};
/* End PBXFrameworksBuildPhase section */

/* Begin PBXGroup section */
		270D28AA298CDDC60030A102 /* Home */ = {
			isa = PBXGroup;
			children = (
				270D28AB298CDDCD0030A102 /* HomeViewController.swift */,
			);
			path = Home;
			sourceTree = "<group>";
		};
		2733AA74298B931E000A9849 /* Calendar */ = {
			isa = PBXGroup;
			children = (
				27A02FA52985590D00DEC744 /* Event.swift */,
				274B7C712984389100DCFF44 /* CalendarCell.swift */,
				27E8BA4329844245005340E6 /* CalendarHelper.swift */,
				276F704829855600001DD0CC /* AddEvent.swift */,
				27FEEB432985B8BB008F860E /* EventCell.swift */,
				2791786429854083002E2034 /* WeeklyViewController.swift */,
				27F652C5298C85F20046A1CB /* DailyCell.swift */,
				27F652C7298C86060046A1CB /* DailyViewController.swift */,
			);
			path = Calendar;
			sourceTree = "<group>";
		};
		2733AA75298B9346000A9849 /* Map */ = {
			isa = PBXGroup;
			children = (
				2705E5F1298A84A20073479F /* MapView.swift */,
				27868512298B0E6000F23E29 /* SearchViewController.swift */,
				27B8AACE298B009F003FFF6D /* HomeController.swift */,
				27B8AAD6298B0702003FFF6D /* LocationManager.swift */,
				2705E5F3298A85970073479F /* MapViewModel.swift */,
			);
			path = Map;
			sourceTree = "<group>";
		};
		274B7C512984332100DCFF44 = {
			isa = PBXGroup;
			children = (
				274B7C5C2984332100DCFF44 /* Calendar */,
				274B7C5B2984332100DCFF44 /* Products */,
				D7383652365EB9BDA8618E3E /* Pods */,
				9CF222C7FB422D6A249DAC67 /* Frameworks */,
			);
			sourceTree = "<group>";
		};
		274B7C5B2984332100DCFF44 /* Products */ = {
			isa = PBXGroup;
			children = (
				274B7C5A2984332100DCFF44 /* Calendar.app */,
			);
			name = Products;
			sourceTree = "<group>";
		};
		274B7C5C2984332100DCFF44 /* Calendar */ = {
			isa = PBXGroup;
			children = (
				270D28AA298CDDC60030A102 /* Home */,
				27CCDDCB298C498E00DB3E36 /* Settings */,
				2733AA75298B9346000A9849 /* Map */,
				2733AA74298B931E000A9849 /* Calendar */,
				274B7C5D2984332100DCFF44 /* AppDelegate.swift */,
				2732EEFD29885FAA00F8C6B2 /* TabBarController.swift */,
				274B7C5F2984332100DCFF44 /* SceneDelegate.swift */,
				274B7C632984332100DCFF44 /* Main.storyboard */,
				274B7C612984332100DCFF44 /* ViewController.swift */,
				274B7C662984332100DCFF44 /* Assets.xcassets */,
				274B7C682984332100DCFF44 /* LaunchScreen.storyboard */,
				274B7C6B2984332100DCFF44 /* Info.plist */,
			);
			path = Calendar;
			sourceTree = "<group>";
		};
		27CCDDCB298C498E00DB3E36 /* Settings */ = {
			isa = PBXGroup;
			children = (
				27F652C9298C863D0046A1CB /* SettingsViewController.swift */,
			);
			path = Settings;
			sourceTree = "<group>";
		};
		9CF222C7FB422D6A249DAC67 /* Frameworks */ = {
			isa = PBXGroup;
			children = (
				27150F0C3DF8377BE4B49AE6 /* Pods_Calendar.framework */,
			);
			name = Frameworks;
			sourceTree = "<group>";
		};
		D7383652365EB9BDA8618E3E /* Pods */ = {
			isa = PBXGroup;
			children = (
				0C0736C59AAC474FB0D65F14 /* Pods-Calendar.debug.xcconfig */,
				FEE27F0B684C78943EC5E97B /* Pods-Calendar.release.xcconfig */,
			);
			path = Pods;
			sourceTree = "<group>";
		};
/* End PBXGroup section */

/* Begin PBXNativeTarget section */
		274B7C592984332100DCFF44 /* Calendar */ = {
			isa = PBXNativeTarget;
			buildConfigurationList = 274B7C6E2984332100DCFF44 /* Build configuration list for PBXNativeTarget "Calendar" */;
			buildPhases = (
				438B368336914EE2B65C410D /* [CP] Check Pods Manifest.lock */,
				274B7C562984332100DCFF44 /* Sources */,
				274B7C572984332100DCFF44 /* Frameworks */,
				274B7C582984332100DCFF44 /* Resources */,
				245AF09D0FC52692105269DD /* [CP] Embed Pods Frameworks */,
			);
			buildRules = (
			);
			dependencies = (
			);
			name = Calendar;
			productName = Calendar;
			productReference = 274B7C5A2984332100DCFF44 /* Calendar.app */;
			productType = "com.apple.product-type.application";
		};
/* End PBXNativeTarget section */

/* Begin PBXProject section */
		274B7C522984332100DCFF44 /* Project object */ = {
			isa = PBXProject;
			attributes = {
				BuildIndependentTargetsInParallel = 1;
				LastSwiftUpdateCheck = 1420;
				LastUpgradeCheck = 1420;
				TargetAttributes = {
					274B7C592984332100DCFF44 = {
						CreatedOnToolsVersion = 14.2;
					};
				};
			};
			buildConfigurationList = 274B7C552984332100DCFF44 /* Build configuration list for PBXProject "Calendar" */;
			compatibilityVersion = "Xcode 14.0";
			developmentRegion = en;
			hasScannedForEncodings = 0;
			knownRegions = (
				en,
				Base,
			);
			mainGroup = 274B7C512984332100DCFF44;
			productRefGroup = 274B7C5B2984332100DCFF44 /* Products */;
			projectDirPath = "";
			projectRoot = "";
			targets = (
				274B7C592984332100DCFF44 /* Calendar */,
			);
		};
/* End PBXProject section */

/* Begin PBXResourcesBuildPhase section */
		274B7C582984332100DCFF44 /* Resources */ = {
			isa = PBXResourcesBuildPhase;
			buildActionMask = 2147483647;
			files = (
				274B7C6A2984332100DCFF44 /* LaunchScreen.storyboard in Resources */,
				274B7C672984332100DCFF44 /* Assets.xcassets in Resources */,
				274B7C652984332100DCFF44 /* Main.storyboard in Resources */,
			);
			runOnlyForDeploymentPostprocessing = 0;
		};
/* End PBXResourcesBuildPhase section */

/* Begin PBXShellScriptBuildPhase section */
		245AF09D0FC52692105269DD /* [CP] Embed Pods Frameworks */ = {
			isa = PBXShellScriptBuildPhase;
			buildActionMask = 2147483647;
			files = (
			);
			inputFileListPaths = (
				"${PODS_ROOT}/Target Support Files/Pods-Calendar/Pods-Calendar-frameworks-${CONFIGURATION}-input-files.xcfilelist",
			);
			name = "[CP] Embed Pods Frameworks";
			outputFileListPaths = (
				"${PODS_ROOT}/Target Support Files/Pods-Calendar/Pods-Calendar-frameworks-${CONFIGURATION}-output-files.xcfilelist",
			);
			runOnlyForDeploymentPostprocessing = 0;
			shellPath = /bin/sh;
			shellScript = "\"${PODS_ROOT}/Target Support Files/Pods-Calendar/Pods-Calendar-frameworks.sh\"\n";
			showEnvVarsInLog = 0;
		};
		438B368336914EE2B65C410D /* [CP] Check Pods Manifest.lock */ = {
			isa = PBXShellScriptBuildPhase;
			buildActionMask = 2147483647;
			files = (
			);
			inputFileListPaths = (
			);
			inputPaths = (
				"${PODS_PODFILE_DIR_PATH}/Podfile.lock",
				"${PODS_ROOT}/Manifest.lock",
			);
			name = "[CP] Check Pods Manifest.lock";
			outputFileListPaths = (
			);
			outputPaths = (
				"$(DERIVED_FILE_DIR)/Pods-Calendar-checkManifestLockResult.txt",
			);
			runOnlyForDeploymentPostprocessing = 0;
			shellPath = /bin/sh;
			shellScript = "diff \"${PODS_PODFILE_DIR_PATH}/Podfile.lock\" \"${PODS_ROOT}/Manifest.lock\" > /dev/null\nif [ $? != 0 ] ; then\n    # print error to STDERR\n    echo \"error: The sandbox is not in sync with the Podfile.lock. Run 'pod install' or update your CocoaPods installation.\" >&2\n    exit 1\nfi\n# This output is used by Xcode 'outputs' to avoid re-running this script phase.\necho \"SUCCESS\" > \"${SCRIPT_OUTPUT_FILE_0}\"\n";
			showEnvVarsInLog = 0;
		};
/* End PBXShellScriptBuildPhase section */

/* Begin PBXSourcesBuildPhase section */
		274B7C562984332100DCFF44 /* Sources */ = {
			isa = PBXSourcesBuildPhase;
			buildActionMask = 2147483647;
			files = (
				27E8BA4429844245005340E6 /* CalendarHelper.swift in Sources */,
				27FEEB442985B8BB008F860E /* EventCell.swift in Sources */,
				270D28AC298CDDCD0030A102 /* HomeViewController.swift in Sources */,
				27B8AAD7298B0702003FFF6D /* LocationManager.swift in Sources */,
				27A02FA62985590D00DEC744 /* Event.swift in Sources */,
				2732EEFE29885FAA00F8C6B2 /* TabBarController.swift in Sources */,
				27F652CA298C863D0046A1CB /* SettingsViewController.swift in Sources */,
				276F704929855600001DD0CC /* AddEvent.swift in Sources */,
				2705E5F4298A85970073479F /* MapViewModel.swift in Sources */,
				2705E5F2298A84A20073479F /* MapView.swift in Sources */,
				274B7C622984332100DCFF44 /* ViewController.swift in Sources */,
				27F652C6298C85F20046A1CB /* DailyCell.swift in Sources */,
				274B7C5E2984332100DCFF44 /* AppDelegate.swift in Sources */,
				27868513298B0E6000F23E29 /* SearchViewController.swift in Sources */,
				27F652C8298C86060046A1CB /* DailyViewController.swift in Sources */,
				2791786529854083002E2034 /* WeeklyViewController.swift in Sources */,
				274B7C602984332100DCFF44 /* SceneDelegate.swift in Sources */,
				274B7C722984389100DCFF44 /* CalendarCell.swift in Sources */,
				27B8AACF298B009F003FFF6D /* HomeController.swift in Sources */,
			);
			runOnlyForDeploymentPostprocessing = 0;
		};
/* End PBXSourcesBuildPhase section */

/* Begin PBXVariantGroup section */
		274B7C632984332100DCFF44 /* Main.storyboard */ = {
			isa = PBXVariantGroup;
			children = (
				274B7C642984332100DCFF44 /* Base */,
			);
			name = Main.storyboard;
			sourceTree = "<group>";
		};
		274B7C682984332100DCFF44 /* LaunchScreen.storyboard */ = {
			isa = PBXVariantGroup;
			children = (
				274B7C692984332100DCFF44 /* Base */,
			);
			name = LaunchScreen.storyboard;
			sourceTree = "<group>";
		};
/* End PBXVariantGroup section */

/* Begin XCBuildConfiguration section */
		274B7C6C2984332100DCFF44 /* Debug */ = {
			isa = XCBuildConfiguration;
			buildSettings = {
				ALWAYS_SEARCH_USER_PATHS = NO;
				CLANG_ANALYZER_NONNULL = YES;
				CLANG_ANALYZER_NUMBER_OBJECT_CONVERSION = YES_AGGRESSIVE;
				CLANG_CXX_LANGUAGE_STANDARD = "gnu++20";
				CLANG_ENABLE_MODULES = YES;
				CLANG_ENABLE_OBJC_ARC = YES;
				CLANG_ENABLE_OBJC_WEAK = YES;
				CLANG_WARN_BLOCK_CAPTURE_AUTORELEASING = YES;
				CLANG_WARN_BOOL_CONVERSION = YES;
				CLANG_WARN_COMMA = YES;
				CLANG_WARN_CONSTANT_CONVERSION = YES;
				CLANG_WARN_DEPRECATED_OBJC_IMPLEMENTATIONS = YES;
				CLANG_WARN_DIRECT_OBJC_ISA_USAGE = YES_ERROR;
				CLANG_WARN_DOCUMENTATION_COMMENTS = YES;
				CLANG_WARN_EMPTY_BODY = YES;
				CLANG_WARN_ENUM_CONVERSION = YES;
				CLANG_WARN_INFINITE_RECURSION = YES;
				CLANG_WARN_INT_CONVERSION = YES;
				CLANG_WARN_NON_LITERAL_NULL_CONVERSION = YES;
				CLANG_WARN_OBJC_IMPLICIT_RETAIN_SELF = YES;
				CLANG_WARN_OBJC_LITERAL_CONVERSION = YES;
				CLANG_WARN_OBJC_ROOT_CLASS = YES_ERROR;
				CLANG_WARN_QUOTED_INCLUDE_IN_FRAMEWORK_HEADER = YES;
				CLANG_WARN_RANGE_LOOP_ANALYSIS = YES;
				CLANG_WARN_STRICT_PROTOTYPES = YES;
				CLANG_WARN_SUSPICIOUS_MOVE = YES;
				CLANG_WARN_UNGUARDED_AVAILABILITY = YES_AGGRESSIVE;
				CLANG_WARN_UNREACHABLE_CODE = YES;
				CLANG_WARN__DUPLICATE_METHOD_MATCH = YES;
				COPY_PHASE_STRIP = NO;
				DEBUG_INFORMATION_FORMAT = dwarf;
				ENABLE_STRICT_OBJC_MSGSEND = YES;
				ENABLE_TESTABILITY = YES;
				GCC_C_LANGUAGE_STANDARD = gnu11;
				GCC_DYNAMIC_NO_PIC = NO;
				GCC_NO_COMMON_BLOCKS = YES;
				GCC_OPTIMIZATION_LEVEL = 0;
				GCC_PREPROCESSOR_DEFINITIONS = (
					"DEBUG=1",
					"$(inherited)",
				);
				GCC_WARN_64_TO_32_BIT_CONVERSION = YES;
				GCC_WARN_ABOUT_RETURN_TYPE = YES_ERROR;
				GCC_WARN_UNDECLARED_SELECTOR = YES;
				GCC_WARN_UNINITIALIZED_AUTOS = YES_AGGRESSIVE;
				GCC_WARN_UNUSED_FUNCTION = YES;
				GCC_WARN_UNUSED_VARIABLE = YES;
				IPHONEOS_DEPLOYMENT_TARGET = 15.0;
				MTL_ENABLE_DEBUG_INFO = INCLUDE_SOURCE;
				MTL_FAST_MATH = YES;
				ONLY_ACTIVE_ARCH = YES;
				SDKROOT = iphoneos;
				SWIFT_ACTIVE_COMPILATION_CONDITIONS = DEBUG;
				SWIFT_OPTIMIZATION_LEVEL = "-Onone";
			};
			name = Debug;
		};
		274B7C6D2984332100DCFF44 /* Release */ = {
			isa = XCBuildConfiguration;
			buildSettings = {
				ALWAYS_SEARCH_USER_PATHS = NO;
				CLANG_ANALYZER_NONNULL = YES;
				CLANG_ANALYZER_NUMBER_OBJECT_CONVERSION = YES_AGGRESSIVE;
				CLANG_CXX_LANGUAGE_STANDARD = "gnu++20";
				CLANG_ENABLE_MODULES = YES;
				CLANG_ENABLE_OBJC_ARC = YES;
				CLANG_ENABLE_OBJC_WEAK = YES;
				CLANG_WARN_BLOCK_CAPTURE_AUTORELEASING = YES;
				CLANG_WARN_BOOL_CONVERSION = YES;
				CLANG_WARN_COMMA = YES;
				CLANG_WARN_CONSTANT_CONVERSION = YES;
				CLANG_WARN_DEPRECATED_OBJC_IMPLEMENTATIONS = YES;
				CLANG_WARN_DIRECT_OBJC_ISA_USAGE = YES_ERROR;
				CLANG_WARN_DOCUMENTATION_COMMENTS = YES;
				CLANG_WARN_EMPTY_BODY = YES;
				CLANG_WARN_ENUM_CONVERSION = YES;
				CLANG_WARN_INFINITE_RECURSION = YES;
				CLANG_WARN_INT_CONVERSION = YES;
				CLANG_WARN_NON_LITERAL_NULL_CONVERSION = YES;
				CLANG_WARN_OBJC_IMPLICIT_RETAIN_SELF = YES;
				CLANG_WARN_OBJC_LITERAL_CONVERSION = YES;
				CLANG_WARN_OBJC_ROOT_CLASS = YES_ERROR;
				CLANG_WARN_QUOTED_INCLUDE_IN_FRAMEWORK_HEADER = YES;
				CLANG_WARN_RANGE_LOOP_ANALYSIS = YES;
				CLANG_WARN_STRICT_PROTOTYPES = YES;
				CLANG_WARN_SUSPICIOUS_MOVE = YES;
				CLANG_WARN_UNGUARDED_AVAILABILITY = YES_AGGRESSIVE;
				CLANG_WARN_UNREACHABLE_CODE = YES;
				CLANG_WARN__DUPLICATE_METHOD_MATCH = YES;
				COPY_PHASE_STRIP = NO;
				DEBUG_INFORMATION_FORMAT = "dwarf-with-dsym";
				ENABLE_NS_ASSERTIONS = NO;
				ENABLE_STRICT_OBJC_MSGSEND = YES;
				GCC_C_LANGUAGE_STANDARD = gnu11;
				GCC_NO_COMMON_BLOCKS = YES;
				GCC_WARN_64_TO_32_BIT_CONVERSION = YES;
				GCC_WARN_ABOUT_RETURN_TYPE = YES_ERROR;
				GCC_WARN_UNDECLARED_SELECTOR = YES;
				GCC_WARN_UNINITIALIZED_AUTOS = YES_AGGRESSIVE;
				GCC_WARN_UNUSED_FUNCTION = YES;
				GCC_WARN_UNUSED_VARIABLE = YES;
				IPHONEOS_DEPLOYMENT_TARGET = 15.0;
				MTL_ENABLE_DEBUG_INFO = NO;
				MTL_FAST_MATH = YES;
				SDKROOT = iphoneos;
				SWIFT_COMPILATION_MODE = wholemodule;
				SWIFT_OPTIMIZATION_LEVEL = "-O";
				VALIDATE_PRODUCT = YES;
			};
			name = Release;
		};
		274B7C6F2984332100DCFF44 /* Debug */ = {
			isa = XCBuildConfiguration;
			baseConfigurationReference = 0C0736C59AAC474FB0D65F14 /* Pods-Calendar.debug.xcconfig */;
			buildSettings = {
				ASSETCATALOG_COMPILER_APPICON_NAME = AppIcon;
				ASSETCATALOG_COMPILER_GLOBAL_ACCENT_COLOR_NAME = AccentColor;
				CODE_SIGN_STYLE = Automatic;
				CURRENT_PROJECT_VERSION = 1;
				DEVELOPMENT_TEAM = AG9N987UCK;
				"EXCLUDED_ARCHS[sdk=iphonesimulator*]" = arm64;
				GENERATE_INFOPLIST_FILE = YES;
				INFOPLIST_FILE = Calendar/Info.plist;
				INFOPLIST_KEY_UIApplicationSupportsIndirectInputEvents = YES;
				INFOPLIST_KEY_UILaunchStoryboardName = LaunchScreen;
				INFOPLIST_KEY_UIMainStoryboardFile = Main;
				INFOPLIST_KEY_UISupportedInterfaceOrientations_iPad = "UIInterfaceOrientationPortrait UIInterfaceOrientationPortraitUpsideDown UIInterfaceOrientationLandscapeLeft UIInterfaceOrientationLandscapeRight";
				INFOPLIST_KEY_UISupportedInterfaceOrientations_iPhone = "UIInterfaceOrientationPortrait UIInterfaceOrientationLandscapeLeft UIInterfaceOrientationLandscapeRight";
				LD_RUNPATH_SEARCH_PATHS = (
					"$(inherited)",
					"@executable_path/Frameworks",
				);
				MARKETING_VERSION = 1.0;
				ONLY_ACTIVE_ARCH = YES;
				PRODUCT_BUNDLE_IDENTIFIER = fred.the.bread.Calendar;
				PRODUCT_NAME = "$(TARGET_NAME)";
				SWIFT_EMIT_LOC_STRINGS = YES;
				SWIFT_VERSION = 5.0;
				TARGETED_DEVICE_FAMILY = "1,2";
			};
			name = Debug;
		};
		274B7C702984332100DCFF44 /* Release */ = {
			isa = XCBuildConfiguration;
			baseConfigurationReference = FEE27F0B684C78943EC5E97B /* Pods-Calendar.release.xcconfig */;
			buildSettings = {
				ASSETCATALOG_COMPILER_APPICON_NAME = AppIcon;
				ASSETCATALOG_COMPILER_GLOBAL_ACCENT_COLOR_NAME = AccentColor;
				CODE_SIGN_STYLE = Automatic;
				CURRENT_PROJECT_VERSION = 1;
				DEVELOPMENT_TEAM = AG9N987UCK;
				GENERATE_INFOPLIST_FILE = YES;
				INFOPLIST_FILE = Calendar/Info.plist;
				INFOPLIST_KEY_UIApplicationSupportsIndirectInputEvents = YES;
				INFOPLIST_KEY_UILaunchStoryboardName = LaunchScreen;
				INFOPLIST_KEY_UIMainStoryboardFile = Main;
				INFOPLIST_KEY_UISupportedInterfaceOrientations_iPad = "UIInterfaceOrientationPortrait UIInterfaceOrientationPortraitUpsideDown UIInterfaceOrientationLandscapeLeft UIInterfaceOrientationLandscapeRight";
				INFOPLIST_KEY_UISupportedInterfaceOrientations_iPhone = "UIInterfaceOrientationPortrait UIInterfaceOrientationLandscapeLeft UIInterfaceOrientationLandscapeRight";
				LD_RUNPATH_SEARCH_PATHS = (
					"$(inherited)",
					"@executable_path/Frameworks",
				);
				MARKETING_VERSION = 1.0;
				ONLY_ACTIVE_ARCH = NO;
				PRODUCT_BUNDLE_IDENTIFIER = fred.the.bread.Calendar;
				PRODUCT_NAME = "$(TARGET_NAME)";
				SWIFT_EMIT_LOC_STRINGS = YES;
				SWIFT_VERSION = 5.0;
				TARGETED_DEVICE_FAMILY = "1,2";
			};
			name = Release;
		};
/* End XCBuildConfiguration section */

/* Begin XCConfigurationList section */
		274B7C552984332100DCFF44 /* Build configuration list for PBXProject "Calendar" */ = {
			isa = XCConfigurationList;
			buildConfigurations = (
				274B7C6C2984332100DCFF44 /* Debug */,
				274B7C6D2984332100DCFF44 /* Release */,
			);
			defaultConfigurationIsVisible = 0;
			defaultConfigurationName = Release;
		};
		274B7C6E2984332100DCFF44 /* Build configuration list for PBXNativeTarget "Calendar" */ = {
			isa = XCConfigurationList;
			buildConfigurations = (
				274B7C6F2984332100DCFF44 /* Debug */,
				274B7C702984332100DCFF44 /* Release */,
			);
			defaultConfigurationIsVisible = 0;
			defaultConfigurationName = Release;
		};
/* End XCConfigurationList section */
	};
	rootObject = 274B7C522984332100DCFF44 /* Project object */;
}
